github.com/holoplot/go-linuxptp v0.0.0-20260707093333-26d69e41f083 h1:gKua/ksRz2Vc/JerL+T/8/oZhjCxECamB0g2W2IJORs=
github.com/holoplot/go-linuxptp v0.0.0-20260707093333-26d69e41f083/go.mod h1:GvPZUFTPlJK7zSq6V33P2MjvC2WDlS4lNXJ/fArdGvw=
github.com/lmittmann/tint v1.1.3 h1:Hv4EaHWXQr+GTFnOU4VKf8UvAtZgn0VuKT+G0wFlO3I=
github.com/lmittmann/tint v1.1.3/go.mod h1:HIS3gSy7qNwGCj+5oRjAutErFBl4BzdQP6cJZ0NfMwE=
github.com/safchain/ethtool v0.7.0 h1:rlJzfDetsVvT61uz8x1YIcFn12akMfuPulHtZjtb7Is=
github.com/safchain/ethtool v0.7.0/go.mod h1:MenQKEjXdfkjD3mp2QdCk8B/hwvkrlOTm/FD4gTpFxQ=
golang.org/x/sys v0.46.0 h1:noSf2Fq6F8DBgS+LysIkx7rIExoNHJsxOAtPp4rthXw=
golang.org/x/sys v0.46.0/go.mod h1:4GL1E5IUh+htKOUEOaiffhrAeqysfVGipDYzABqnCmw=
